
Microsoft Visual Studio Solution File, Format Version 12.00
Project("{FAE04EC0-301F-11D3-BF4B-00C04F79EFBC}") = "TicTacToe", "TicTacToe\TicTacToe.csproj", "{2A3E7E5A-4E65-47B8-8BE3-08FCE05C148F}"
EndProject
Project("{FAE04EC0-301F-11D3-BF4B-00C04F79EFBC}") = "Board", "Board\Board.csproj", "{0CA224A3-DE71-4198-A1CE-903DEA75CBBB}"
EndProject
Global
	GlobalSection(SolutionConfigurationPlatforms) = preSolution
		Debug|Any CPU = Debug|Any CPU
		Release|Any CPU = Release|Any CPU
	EndGlobalSection
	GlobalSection(ProjectConfigurationPlatforms) = postSolution
		{2A3E7E5A-4E65-47B8-8BE3-08FCE05C148F}.Debug|Any CPU.ActiveCfg = Debug|Any CPU
		{2A3E7E5A-4E65-47B8-8BE3-08FCE05C148F}.Debug|Any CPU.Build.0 = Debug|Any CPU
		{2A3E7E5A-4E65-47B8-8BE3-08FCE05C148F}.Release|Any CPU.ActiveCfg = Release|Any CPU
		{2A3E7E5A-4E65-47B8-8BE3-08FCE05C148F}.Release|Any CPU.Build.0 = Release|Any CPU
		{0CA224A3-DE71-4198-A1CE-903DEA75CBBB}.Debug|Any CPU.ActiveCfg = Debug|Any CPU
		{0CA224A3-DE71-4198-A1CE-903DEA75CBBB}.Debug|Any CPU.Build.0 = Debug|Any CPU
		{0CA224A3-DE71-4198-A1CE-903DEA75CBBB}.Release|Any CPU.ActiveCfg = Release|Any CPU
		{0CA224A3-DE71-4198-A1CE-903DEA75CBBB}.Release|Any CPU.Build.0 = Release|Any CPU
	EndGlobalSection
EndGlobal
